
Microsoft Visual Studio Solution File, Format Version 12.00
# Visual Studio Version 16
VisualStudioVersion = 16.0.31019.35
MinimumVisualStudioVersion = 10.0.40219.1
Project("{2150E333-8FDC-42A3-9474-1A3956D46DE8}") = "src", "src", "{551783DA-AE9A-4E5D-93B1-76F46B178172}"
EndProject
Project("{2150E333-8FDC-42A3-9474-1A3956D46DE8}") = "test", "test", "{C2B29FA2-03B5-4128-BB06-67032AF8BA2A}"
EndProject
Project("{9A19103F-16F7-4668-BE54-9A1E7A4F7556}") = "Infrastructure", "src\Infrastracture\Infrastructure.csproj", "{B4849A10-0AA4-4651-86DE-23C2EB66D1B7}"
EndProject
Project("{9A19103F-16F7-4668-BE54-9A1E7A4F7556}") = "ApplicationCore", "src\ApplicationCore\ApplicationCore.csproj", "{8D1AC975-4853-4EEF-A50C-FD65CF7109DF}"
EndProject
Project("{9A19103F-16F7-4668-BE54-9A1E7A4F7556}") = "MovieShopAPI", "src\MovieShopAPI\MovieShopAPI.csproj", "{566CC18B-B875-4629-9EBA-B8E10A320423}"
EndProject
Project("{9A19103F-16F7-4668-BE54-9A1E7A4F7556}") = "MovieShopMVC", "src\MovieShopMVC\MovieShopMVC.csproj", "{A60F6B2E-A93B-41E2-AA94-C0B95772AD7A}"
EndProject
Global
	GlobalSection(SolutionConfigurationPlatforms) = preSolution
		Debug|Any CPU = Debug|Any CPU
		Debug|x64 = Debug|x64
		Debug|x86 = Debug|x86
		Release|Any CPU = Release|Any CPU
		Release|x64 = Release|x64
		Release|x86 = Release|x86
	EndGlobalSection
	GlobalSection(ProjectConfigurationPlatforms) = postSolution
		{B4849A10-0AA4-4651-86DE-23C2EB66D1B7}.Debug|Any CPU.ActiveCfg = Debug|Any CPU
		{B4849A10-0AA4-4651-86DE-23C2EB66D1B7}.Debug|Any CPU.Build.0 = Debug|Any CPU
		{B4849A10-0AA4-4651-86DE-23C2EB66D1B7}.Debug|x64.ActiveCfg = Debug|Any CPU
		{B4849A10-0AA4-4651-86DE-23C2EB66D1B7}.Debug|x64.Build.0 = Debug|Any CPU
		{B4849A10-0AA4-4651-86DE-23C2EB66D1B7}.Debug|x86.ActiveCfg = Debug|Any CPU
		{B4849A10-0AA4-4651-86DE-23C2EB66D1B7}.Debug|x86.Build.0 = Debug|Any CPU
		{B4849A10-0AA4-4651-86DE-23C2EB66D1B7}.Release|Any CPU.ActiveCfg = Release|Any CPU
		{B4849A10-0AA4-4651-86DE-23C2EB66D1B7}.Release|Any CPU.Build.0 = Release|Any CPU
		{B4849A10-0AA4-4651-86DE-23C2EB66D1B7}.Release|x64.ActiveCfg = Release|Any CPU
		{B4849A10-0AA4-4651-86DE-23C2EB66D1B7}.Release|x64.Build.0 = Release|Any CPU
		{B4849A10-0AA4-4651-86DE-23C2EB66D1B7}.Release|x86.ActiveCfg = Release|Any CPU
		{B4849A10-0AA4-4651-86DE-23C2EB66D1B7}.Release|x86.Build.0 = Release|Any CPU
		{8D1AC975-4853-4EEF-A50C-FD65CF7109DF}.Debug|Any CPU.ActiveCfg = Debug|Any CPU
		{8D1AC975-4853-4EEF-A50C-FD65CF7109DF}.Debug|Any CPU.Build.0 = Debug|Any CPU
		{8D1AC975-4853-4EEF-A50C-FD65CF7109DF}.Debug|x64.ActiveCfg = Debug|Any CPU
		{8D1AC975-4853-4EEF-A50C-FD65CF7109DF}.Debug|x64.Build.0 = Debug|Any CPU
		{8D1AC975-4853-4EEF-A50C-FD65CF7109DF}.Debug|x86.ActiveCfg = Debug|Any CPU
		{8D1AC975-4853-4EEF-A50C-FD65CF7109DF}.Debug|x86.Build.0 = Debug|Any CPU
		{8D1AC975-4853-4EEF-A50C-FD65CF7109DF}.Release|Any CPU.ActiveCfg = Release|Any CPU
		{8D1AC975-4853-4EEF-A50C-FD65CF7109DF}.Release|Any CPU.Build.0 = Release|Any CPU
		{8D1AC975-4853-4EEF-A50C-FD65CF7109DF}.Release|x64.ActiveCfg = Release|Any CPU
		{8D1AC975-4853-4EEF-A50C-FD65CF7109DF}.Release|x64.Build.0 = Release|Any CPU
		{8D1AC975-4853-4EEF-A50C-FD65CF7109DF}.Release|x86.ActiveCfg = Release|Any CPU
		{8D1AC975-4853-4EEF-A50C-FD65CF7109DF}.Release|x86.Build.0 = Release|Any CPU
		{566CC18B-B875-4629-9EBA-B8E10A320423}.Debug|Any CPU.ActiveCfg = Debug|Any CPU
		{566CC18B-B875-4629-9EBA-B8E10A320423}.Debug|Any CPU.Build.0 = Debug|Any CPU
		{566CC18B-B875-4629-9EBA-B8E10A320423}.Debug|x64.ActiveCfg = Debug|Any CPU
		{566CC18B-B875-4629-9EBA-B8E10A320423}.Debug|x64.Build.0 = Debug|Any CPU
		{566CC18B-B875-4629-9EBA-B8E10A320423}.Debug|x86.ActiveCfg = Debug|Any CPU
		{566CC18B-B875-4629-9EBA-B8E10A320423}.Debug|x86.Build.0 = Debug|Any CPU
		{566CC18B-B875-4629-9EBA-B8E10A320423}.Release|Any CPU.ActiveCfg = Release|Any CPU
		{566CC18B-B875-4629-9EBA-B8E10A320423}.Release|Any CPU.Build.0 = Release|Any CPU
		{566CC18B-B875-4629-9EBA-B8E10A320423}.Release|x64.ActiveCfg = Release|Any CPU
		{566CC18B-B875-4629-9EBA-B8E10A320423}.Release|x64.Build.0 = Release|Any CPU
		{566CC18B-B875-4629-9EBA-B8E10A320423}.Release|x86.ActiveCfg = Release|Any CPU
		{566CC18B-B875-4629-9EBA-B8E10A320423}.Release|x86.Build.0 = Release|Any CPU
		{A60F6B2E-A93B-41E2-AA94-C0B95772AD7A}.Debug|Any CPU.ActiveCfg = Debug|Any CPU
		{A60F6B2E-A93B-41E2-AA94-C0B95772AD7A}.Debug|Any CPU.Build.0 = Debug|Any CPU
		{A60F6B2E-A93B-41E2-AA94-C0B95772AD7A}.Debug|x64.ActiveCfg = Debug|Any CPU
		{A60F6B2E-A93B-41E2-AA94-C0B95772AD7A}.Debug|x64.Build.0 = Debug|Any CPU
		{A60F6B2E-A93B-41E2-AA94-C0B95772AD7A}.Debug|x86.ActiveCfg = Debug|Any CPU
		{A60F6B2E-A93B-41E2-AA94-C0B95772AD7A}.Debug|x86.Build.0 = Debug|Any CPU
		{A60F6B2E-A93B-41E2-AA94-C0B95772AD7A}.Release|Any CPU.ActiveCfg = Release|Any CPU
		{A60F6B2E-A93B-41E2-AA94-C0B95772AD7A}.Release|Any CPU.Build.0 = Release|Any CPU
		{A60F6B2E-A93B-41E2-AA94-C0B95772AD7A}.Release|x64.ActiveCfg = Release|Any CPU
		{A60F6B2E-A93B-41E2-AA94-C0B95772AD7A}.Release|x64.Build.0 = Release|Any CPU
		{A60F6B2E-A93B-41E2-AA94-C0B95772AD7A}.Release|x86.ActiveCfg = Release|Any CPU
		{A60F6B2E-A93B-41E2-AA94-C0B95772AD7A}.Release|x86.Build.0 = Release|Any CPU
	EndGlobalSection
	GlobalSection(SolutionProperties) = preSolution
		HideSolutionNode = FALSE
	EndGlobalSection
	GlobalSection(NestedProjects) = preSolution
		{B4849A10-0AA4-4651-86DE-23C2EB66D1B7} = {551783DA-AE9A-4E5D-93B1-76F46B178172}
		{8D1AC975-4853-4EEF-A50C-FD65CF7109DF} = {551783DA-AE9A-4E5D-93B1-76F46B178172}
		{566CC18B-B875-4629-9EBA-B8E10A320423} = {551783DA-AE9A-4E5D-93B1-76F46B178172}
		{A60F6B2E-A93B-41E2-AA94-C0B95772AD7A} = {551783DA-AE9A-4E5D-93B1-76F46B178172}
	EndGlobalSection
	GlobalSection(ExtensibilityGlobals) = postSolution
		SolutionGuid = {93E81E84-3F6B-4C41-907F-0A064BCF854F}
	EndGlobalSection
EndGlobal
